// !$*UTF8*$!
{
 archiveVersion = 1;
 objectVersion = 56;
 objects = {
  000000000000000000000001 = {isa = PBXFileReference; lastKnownFileType = sourcecode.swift; path = AppDelegate.swift; sourceTree = "<group>";};
  000000000000000000000002 = {isa = PBXFileReference; lastKnownFileType = sourcecode.swift; path = SceneDelegate.swift; sourceTree = "<group>";};
  000000000000000000000003 = {isa = PBXFileReference; lastKnownFileType = sourcecode.swift; path = WelcomeViewController.swift; sourceTree = "<group>";};
  000000000000000000000004 = {isa = PBXFileReference; lastKnownFileType = sourcecode.swift; path = ConfirmationViewController.swift; sourceTree = "<group>";};
  000000000000000000000005 = {isa = PBXFileReference; lastKnownFileType = file.storyboard; path = Main.storyboard; sourceTree = "<group>";};
  000000000000000000000006 = {isa = PBXFileReference; lastKnownFileType = file.storyboard; path = LaunchScreen.storyboard; sourceTree = "<group>";};
  000000000000000000000007 = {isa = PBXFileReference; lastKnownFileType = text.plist.xml; path = Info.plist; sourceTree = "<group>";};
  000000000000000000000008 = {isa = PBXFileReference; explicitFileType = wrapper.application; includeInIndex = 0; path = ClubConnect.app; sourceTree = BUILT_PRODUCTS_DIR;};
  000000000000000000000009 = {isa = PBXGroup; children = (000000000000000000000001,000000000000000000000002,000000000000000000000003,000000000000000000000004,000000000000000000000005,000000000000000000000006,000000000000000000000007); path = ClubConnectApp; sourceTree = "<group>";};
  000000000000000000000010 = {isa = PBXGroup; children = (000000000000000000000009,); sourceTree = "<group>";};
  000000000000000000000011 = {isa = PBXGroup; children = (000000000000000000000008,); name = Products; sourceTree = "<group>";};
  000000000000000000000012 = {isa = PBXProject; attributes = {LastUpgradeCheck = 1600; ORGANIZATIONNAME = Student;}; buildConfigurationList = 000000000000000000000013; compatibilityVersion = "Xcode 15.0"; developmentRegion = en; mainGroup = 000000000000000000000010; productRefGroup = 000000000000000000000011; projectDirPath = ""; projectRoot = ""; targets = (000000000000000000000020);};
  000000000000000000000013 = {isa = XCConfigurationList; buildConfigurations = (000000000000000000000014,000000000000000000000015); defaultConfigurationIsVisible = 0; defaultConfigurationName = Release;};
  000000000000000000000014 = {isa = XCBuildConfiguration; buildSettings = {ALWAYS_SEARCH_USER_PATHS = NO; CLANG_ENABLE_MODULES = YES; CURRENT_PROJECT_VERSION = 1; GENERATE_INFOPLIST_FILE = NO; INFOPLIST_FILE = ClubConnectApp/Info.plist; IPHONEOS_DEPLOYMENT_TARGET = 15.0; PRODUCT_BUNDLE_IDENTIFIER = com.student.ClubConnect; PRODUCT_NAME = "$(TARGET_NAME)"; SWIFT_VERSION = 5.0; TARGETED_DEVICE_FAMILY = "1,2";}; name = Debug;};
  000000000000000000000015 = {isa = XCBuildConfiguration; buildSettings = {ALWAYS_SEARCH_USER_PATHS = NO; CLANG_ENABLE_MODULES = YES; CURRENT_PROJECT_VERSION = 1; GENERATE_INFOPLIST_FILE = NO; INFOPLIST_FILE = ClubConnectApp/Info.plist; IPHONEOS_DEPLOYMENT_TARGET = 15.0; PRODUCT_BUNDLE_IDENTIFIER = com.student.ClubConnect; PRODUCT_NAME = "$(TARGET_NAME)"; SWIFT_VERSION = 5.0; TARGETED_DEVICE_FAMILY = "1,2";}; name = Release;};
  000000000000000000000016 = {isa = PBXBuildFile; fileRef = 000000000000000000000001;};
  000000000000000000000017 = {isa = PBXBuildFile; fileRef = 000000000000000000000002;};
  000000000000000000000018 = {isa = PBXBuildFile; fileRef = 000000000000000000000003;};
  000000000000000000000019 = {isa = PBXBuildFile; fileRef = 000000000000000000000004;};
  000000000000000000000027 = {isa = PBXBuildFile; fileRef = 000000000000000000000005;};
  000000000000000000000028 = {isa = PBXBuildFile; fileRef = 000000000000000000000006;};
  000000000000000000000021 = {isa = PBXNativeTarget; buildConfigurationList = 000000000000000000000022; buildPhases = (000000000000000000000023,000000000000000000000024); buildRules = (); dependencies = (); name = ClubConnect; productName = ClubConnect; productReference = 000000000000000000000008; productType = "com.apple.product-type.application";};
  000000000000000000000022 = {isa = XCConfigurationList; buildConfigurations = (000000000000000000000025,000000000000000000000026); defaultConfigurationIsVisible = 0; defaultConfigurationName = Release;};
  000000000000000000000023 = {isa = PBXSourcesBuildPhase; buildActionMask = 2147483647; files = (000000000000000000000016,000000000000000000000017,000000000000000000000018,000000000000000000000019); runOnlyForDeploymentPostprocessing = 0;};
  000000000000000000000024 = {isa = PBXResourcesBuildPhase; buildActionMask = 2147483647; files = (000000000000000000000027,000000000000000000000028); runOnlyForDeploymentPostprocessing = 0;};
  000000000000000000000025 = {isa = XCBuildConfiguration; buildSettings = {INFOPLIST_FILE = ClubConnectApp/Info.plist; IPHONEOS_DEPLOYMENT_TARGET = 15.0; PRODUCT_BUNDLE_IDENTIFIER = com.student.ClubConnect; PRODUCT_NAME = "$(TARGET_NAME)"; SWIFT_VERSION = 5.0;}; name = Debug;};
  000000000000000000000026 = {isa = XCBuildConfiguration; buildSettings = {INFOPLIST_FILE = ClubConnectApp/Info.plist; IPHONEOS_DEPLOYMENT_TARGET = 15.0; PRODUCT_BUNDLE_IDENTIFIER = com.student.ClubConnect; PRODUCT_NAME = "$(TARGET_NAME)"; SWIFT_VERSION = 5.0;}; name = Release;};
 }
 rootObject = 000000000000000000000012;
}
